<?xml version="1.0" encoding="utf-8"?>
<Project ToolsVersion="4.0" xmlns="http://schemas.microsoft.com/developer/msbuild/2003">
  <ItemGroup>
    <ClCompile Include="Cho\Externals\meshoptimizer\allocator.cpp" />
    <ClCompile Include="Cho\Externals\meshoptimizer\clusterizer.cpp" />
    <ClCompile Include="Cho\Externals\meshoptimizer\indexcodec.cpp" />
    <ClCompile Include="Cho\Externals\meshoptimizer\indexgenerator.cpp" />
    <ClCompile Include="Cho\Externals\meshoptimizer\overdrawanalyzer.cpp" />
    <ClCompile Include="Cho\Externals\meshoptimizer\overdrawoptimizer.cpp" />
    <ClCompile Include="Cho\Externals\meshoptimizer\quantization.cpp" />
    <ClCompile Include="Cho\Externals\meshoptimizer\simplifier.cpp" />
    <ClCompile Include="Cho\Externals\meshoptimizer\spatialorder.cpp" />
    <ClCompile Include="Cho\Externals\meshoptimizer\stripifier.cpp" />
    <ClCompile Include="Cho\Externals\meshoptimizer\vcacheanalyzer.cpp" />
    <ClCompile Include="Cho\Externals\meshoptimizer\vcacheoptimizer.cpp" />
    <ClCompile Include="Cho\Externals\meshoptimizer\vertexcodec.cpp" />
    <ClCompile Include="Cho\Externals\meshoptimizer\vertexfilter.cpp" />
    <ClCompile Include="Cho\Externals\meshoptimizer\vfetchanalyzer.cpp" />
    <ClCompile Include="Cho\Externals\meshoptimizer\vfetchoptimizer.cpp" />
    <ClCompile Include="Cho\OS\Windows\WinApp\WinApp.cpp" />
    <ClCompile Include="main.cpp" />
    <ClCompile Include="Cho\SDK\DirectX\DirectX12\DirectX12Common\DirectX12Common.cpp" />
    <ClCompile Include="Cho\Engine\Engine.cpp" />
    <ClCompile Include="Cho\Main\ChoEngine.cpp" />
    <ClCompile Include="Cho\pch\pch.cpp" />
    <ClCompile Include="Cho\Platform\FileSystem\FileSystem.cpp" />
    <ClCompile Include="Cho\Core\MathLibrary\MathLibrary.cpp" />
    <ClCompile Include="Cho\Platform\Timer\Timer.cpp" />
    <ClCompile Include="Cho\SDK\ImGui\ImGuiManager\ImGuiManager.cpp" />
    <ClCompile Include="Cho\Platform\PlatformLayer\PlatformLayer.cpp" />
    <ClCompile Include="Cho\Core\CoreSystem\CoreSystem.cpp" />
    <ClCompile Include="Cho\Resources\ResourceManager\ResourceManager.cpp" />
    <ClCompile Include="Cho\Core\Log\Log.cpp" />
    <ClCompile Include="Cho\SDK\DirectX\DirectX12\CommandManager\CommandManager.cpp" />
    <ClCompile Include="Cho\Core\ThreadManager\ThreadManager.cpp" />
    <ClCompile Include="Cho\SDK\DirectX\DirectX12\CommandContext\CommandContext.cpp" />
    <ClCompile Include="Cho\SDK\DirectX\DirectX12\SwapChain\SwapChain.cpp" />
    <ClCompile Include="Cho\SDK\DirectX\DirectX12\stdafx\stdafx.cpp" />
  </ItemGroup>
  <ItemGroup>
    <ClInclude Include="Cho\Externals\meshoptimizer\meshoptimizer.h" />
    <ClInclude Include="Cho\OS\Windows\WinApp\WinApp.h" />
    <ClInclude Include="Cho\SDK\DirectX\DirectX12\DirectX12Common\DirectX12Common.h" />
    <ClInclude Include="Cho\Engine\Engine.h" />
    <ClInclude Include="Cho\Main\ChoEngine.h" />
    <ClInclude Include="Cho\pch\pch.h" />
    <ClInclude Include="Cho\Platform\FileSystem\FileSystem.h" />
    <ClInclude Include="Cho\Core\MathLibrary\MathLibrary.h" />
    <ClInclude Include="Cho\Platform\Timer\Timer.h" />
    <ClInclude Include="Cho\SDK\ImGui\ImGuiManager\ImGuiManager.h" />
    <ClInclude Include="Cho\Platform\PlatformLayer\PlatformLayer.h" />
    <ClInclude Include="Cho\Core\CoreSystem\CoreSystem.h" />
    <ClInclude Include="Cho\Resources\ResourceManager\ResourceManager.h" />
    <ClInclude Include="Cho\Core\Log\Log.h" />
    <ClInclude Include="Cho\SDK\DirectX\DirectX12\CommandManager\CommandManager.h" />
    <ClInclude Include="Cho\Core\ThreadManager\ThreadManager.h" />
    <ClInclude Include="Cho\SDK\DirectX\DirectX12\CommandContext\CommandContext.h" />
    <ClInclude Include="Cho\SDK\DirectX\DirectX12\SwapChain\SwapChain.h" />
    <ClInclude Include="Cho\SDK\DirectX\DirectX12\stdafx\stdafx.h" />
  </ItemGroup>
</Project>