<?xml version="1.0" encoding="utf-8"?>
<Project ToolsVersion="4.0" xmlns="http://schemas.microsoft.com/developer/msbuild/2003">
  <ItemGroup>
    <ClCompile Include="Cho\Editor\AnimationEditor\AnimationEditor.cpp">
      <Filter>Source Files</Filter>
    </ClCompile>
    <ClCompile Include="Cho\Editor\AssetBrowser\AssetBrowser.cpp">
      <Filter>Source Files</Filter>
    </ClCompile>
    <ClCompile Include="Cho\Main\ChoEngine.cpp">
      <Filter>Source Files</Filter>
    </ClCompile>
    <ClCompile Include="Cho\SDK\DirectX\DirectX12\ColorBuffer\ColorBuffer.cpp">
      <Filter>Source Files</Filter>
    </ClCompile>
    <ClCompile Include="Cho\SDK\DirectX\DirectX12\CommandContext\CommandContext.cpp">
      <Filter>Source Files</Filter>
    </ClCompile>
    <ClCompile Include="Cho\SDK\DirectX\DirectX12\CommandManager\CommandManager.cpp">
      <Filter>Source Files</Filter>
    </ClCompile>
    <ClCompile Include="Cho\Editor\Console\Console.cpp">
      <Filter>Source Files</Filter>
    </ClCompile>
    <ClCompile Include="Cho\Core\CoreSystem\CoreSystem.cpp">
      <Filter>Source Files</Filter>
    </ClCompile>
    <ClCompile Include="Cho\SDK\DirectX\DirectX12\DepthBuffer\DepthBuffer.cpp">
      <Filter>Source Files</Filter>
    </ClCompile>
    <ClCompile Include="Cho\Graphics\DepthManager\DepthManager.cpp">
      <Filter>Source Files</Filter>
    </ClCompile>
    <ClCompile Include="Cho\SDK\DirectX\DirectX12\DescriptorHeap\DescriptorHeap.cpp">
      <Filter>Source Files</Filter>
    </ClCompile>
    <ClCompile Include="Cho\SDK\DirectX\DirectX12\DirectX12Common\DirectX12Common.cpp">
      <Filter>Source Files</Filter>
    </ClCompile>
    <ClCompile Include="Cho\SDK\DirectX\DXC\DXShaderCompiler.cpp">
      <Filter>Source Files</Filter>
    </ClCompile>
    <ClCompile Include="Cho\GameCore\ECS\ECSManager.cpp">
      <Filter>Source Files</Filter>
    </ClCompile>
    <ClCompile Include="Cho\Editor\EditorCommand\EditorCommand.cpp">
      <Filter>Source Files</Filter>
    </ClCompile>
    <ClCompile Include="Cho\Editor\EditorManager\EditorManager.cpp">
      <Filter>Source Files</Filter>
    </ClCompile>
    <ClCompile Include="Cho\Engine\Engine.cpp">
      <Filter>Source Files</Filter>
    </ClCompile>
    <ClCompile Include="Cho\Platform\FileSystem\FileSystem.cpp">
      <Filter>Source Files</Filter>
    </ClCompile>
    <ClCompile Include="Cho\GameCore\GameCore.cpp">
      <Filter>Source Files</Filter>
    </ClCompile>
    <ClCompile Include="Cho\GameCore\GameObject\GameObject.cpp">
      <Filter>Source Files</Filter>
    </ClCompile>
    <ClCompile Include="Cho\Editor\GameView\GameView.cpp">
      <Filter>Source Files</Filter>
    </ClCompile>
    <ClCompile Include="Cho\SDK\DirectX\DirectX12\GpuBuffer\GpuBuffer.cpp">
      <Filter>Source Files</Filter>
    </ClCompile>
    <ClCompile Include="Cho\SDK\DirectX\DirectX12\GpuResource\GpuResource.cpp">
      <Filter>Source Files</Filter>
    </ClCompile>
    <ClCompile Include="Cho\Graphics\GraphicsCore\GraphicsCore.cpp">
      <Filter>Source Files</Filter>
    </ClCompile>
    <ClCompile Include="Cho\Graphics\GraphicsEngine\GraphicsEngine.cpp">
      <Filter>Source Files</Filter>
    </ClCompile>
    <ClCompile Include="Cho\Editor\Hierarchy\Hierarchy.cpp">
      <Filter>Source Files</Filter>
    </ClCompile>
    <ClCompile Include="Cho\SDK\ImGui\ImGuiManager\ImGuiManager.cpp">
      <Filter>Source Files</Filter>
    </ClCompile>
    <ClCompile Include="Cho\Editor\Inspector\Inspector.cpp">
      <Filter>Source Files</Filter>
    </ClCompile>
    <ClCompile Include="Cho\Resources\IntegrationData\IntegrationData.cpp">
      <Filter>Source Files</Filter>
    </ClCompile>
    <ClCompile Include="Cho\Resources\ModelManager\ModelManager.cpp">
      <Filter>Source Files</Filter>
    </ClCompile>
    <ClCompile Include="Cho\Core\MathLibrary\MathLibrary.cpp">
      <Filter>Source Files</Filter>
    </ClCompile>
    <ClCompile Include="Cho\Editor\MaterialEditor\MaterialEditor.cpp">
      <Filter>Source Files</Filter>
    </ClCompile>
    <ClCompile Include="Cho\Editor\MainMenu\MainMenu.cpp">
      <Filter>Source Files</Filter>
    </ClCompile>
    <ClCompile Include="main.cpp">
      <Filter>Source Files</Filter>
    </ClCompile>
    <ClCompile Include="Cho\GameCore\ObjectContainer\ObjectContainer.cpp">
      <Filter>Source Files</Filter>
    </ClCompile>
    <ClCompile Include="Cho\pch\pch.cpp">
      <Filter>Source Files</Filter>
    </ClCompile>
    <ClCompile Include="Cho\Graphics\PipelineManager\PipelineManager.cpp">
      <Filter>Source Files</Filter>
    </ClCompile>
    <ClCompile Include="Cho\SDK\DirectX\DirectX12\PixelBuffer\PixelBuffer.cpp">
      <Filter>Source Files</Filter>
    </ClCompile>
    <ClCompile Include="Cho\Platform\PlatformLayer\PlatformLayer.cpp">
      <Filter>Source Files</Filter>
    </ClCompile>
    <ClCompile Include="Cho\Editor\Profiler\Profiler.cpp">
      <Filter>Source Files</Filter>
    </ClCompile>
    <ClCompile Include="Cho\Resources\ResourceManager\ResourceManager.cpp">
      <Filter>Source Files</Filter>
    </ClCompile>
    <ClCompile Include="Cho\GameCore\SceneManager\SceneManager.cpp">
      <Filter>Source Files</Filter>
    </ClCompile>
    <ClCompile Include="Cho\Editor\SceneView\SceneView.cpp">
      <Filter>Source Files</Filter>
    </ClCompile>
    <ClCompile Include="Cho\Editor\Setting\Setting.cpp">
      <Filter>Source Files</Filter>
    </ClCompile>
    <ClCompile Include="Cho\Editor\ShaderEditor\ShaderEditor.cpp">
      <Filter>Source Files</Filter>
    </ClCompile>
    <ClCompile Include="Cho\SDK\DirectX\DirectX12\stdafx\stdafx.cpp">
      <Filter>Source Files</Filter>
    </ClCompile>
    <ClCompile Include="Cho\SDK\DirectX\DirectX12\SwapChain\SwapChain.cpp">
      <Filter>Source Files</Filter>
    </ClCompile>
    <ClCompile Include="Cho\GameCore\SystemManager\SystemManager.cpp">
      <Filter>Source Files</Filter>
    </ClCompile>
    <ClCompile Include="Cho\Resources\TextureManager\TextureManager.cpp">
      <Filter>Source Files</Filter>
    </ClCompile>
    <ClCompile Include="Cho\Core\ThreadManager\ThreadManager.cpp">
      <Filter>Source Files</Filter>
    </ClCompile>
    <ClCompile Include="Cho\Editor\Timeline\Timeline.cpp">
      <Filter>Source Files</Filter>
    </ClCompile>
    <ClCompile Include="Cho\Platform\Timer\Timer.cpp">
      <Filter>Source Files</Filter>
    </ClCompile>
    <ClCompile Include="Cho\SDK\DirectX\DirectX12\VertexBuffer\VertexBuffer.cpp">
      <Filter>Source Files</Filter>
    </ClCompile>
    <ClCompile Include="Cho\Graphics\VisualEffect\VFXManager.cpp">
      <Filter>Source Files</Filter>
    </ClCompile>
    <ClCompile Include="Cho\OS\Windows\WinApp\WinApp.cpp">
      <Filter>Source Files</Filter>
    </ClCompile>
    <ClCompile Include="Cho\Editor\BaseEditor\BaseEditor.cpp" />
    <ClCompile Include="Cho\Editor\PipelineEditor\PipelineEditor.cpp" />
    <ClCompile Include="Cho\Editor\PopupMenu\PopupMenu.cpp" />
    <ClCompile Include="Cho\Platform\InputManager\InputManager.cpp" />
    <ClCompile Include="Cho\Resources\AssetManager\AssetManager.cpp" />
    <ClCompile Include="Cho\Core\ChoLog\ChoLog.cpp" />
    <ClCompile Include="Cho\SDK\DirectX\DirectX12\IndexBuffer\IndexBuffer.cpp" />
    <ClCompile Include="Cho\GameCore\GameCoreCommand\GameCoreCommand.cpp" />
    <ClCompile Include="Cho\Editor\DebugCamera\DebugCamera.cpp" />
    <ClCompile Include="Cho\Editor\Toolbar\Toolbar.cpp" />
    <ClCompile Include="Cho\Hub\HubManager.cpp" />
    <ClCompile Include="Cho\GameCore\IScript\IScript.cpp" />
    <ClCompile Include="Cho\Resources\ScriptContainer\ScriptContainer.cpp" />
  </ItemGroup>
  <ItemGroup>
    <ClInclude Include="Cho\Editor\AnimationEditor\AnimationEditor.h">
      <Filter>Header Files</Filter>
    </ClInclude>
    <ClInclude Include="Cho\Editor\AssetBrowser\AssetBrowser.h">
      <Filter>Header Files</Filter>
    </ClInclude>
    <ClInclude Include="Cho\Core\Utility\BufferID.h">
      <Filter>Header Files</Filter>
    </ClInclude>
    <ClInclude Include="Cho\Main\ChoEngine.h">
      <Filter>Header Files</Filter>
    </ClInclude>
    <ClInclude Include="Cho\Core\Utility\Color.h">
      <Filter>Header Files</Filter>
    </ClInclude>
    <ClInclude Include="Cho\SDK\DirectX\DirectX12\ColorBuffer\ColorBuffer.h">
      <Filter>Header Files</Filter>
    </ClInclude>
    <ClInclude Include="Cho\SDK\DirectX\DirectX12\CommandContext\CommandContext.h">
      <Filter>Header Files</Filter>
    </ClInclude>
    <ClInclude Include="Cho\SDK\DirectX\DirectX12\CommandManager\CommandManager.h">
      <Filter>Header Files</Filter>
    </ClInclude>
    <ClInclude Include="Cho\Core\Utility\CompBufferData.h">
      <Filter>Header Files</Filter>
    </ClInclude>
    <ClInclude Include="Cho\Core\Utility\Components.h">
      <Filter>Header Files</Filter>
    </ClInclude>
    <ClInclude Include="Cho\Editor\Console\Console.h">
      <Filter>Header Files</Filter>
    </ClInclude>
    <ClInclude Include="Cho\Core\CoreSystem\CoreSystem.h">
      <Filter>Header Files</Filter>
    </ClInclude>
    <ClInclude Include="Cho\SDK\DirectX\DirectX12\DepthBuffer\DepthBuffer.h">
      <Filter>Header Files</Filter>
    </ClInclude>
    <ClInclude Include="Cho\Graphics\DepthManager\DepthManager.h">
      <Filter>Header Files</Filter>
    </ClInclude>
    <ClInclude Include="Cho\SDK\DirectX\DirectX12\DescriptorHeap\DescriptorHeap.h">
      <Filter>Header Files</Filter>
    </ClInclude>
    <ClInclude Include="Cho\SDK\DirectX\DirectX12\DirectX12Common\DirectX12Common.h">
      <Filter>Header Files</Filter>
    </ClInclude>
    <ClInclude Include="Cho\SDK\DirectX\DXC\DXShaderCompiler.h">
      <Filter>Header Files</Filter>
    </ClInclude>
    <ClInclude Include="Cho\GameCore\ECS\ECSManager.h">
      <Filter>Header Files</Filter>
    </ClInclude>
    <ClInclude Include="Cho\Editor\EditorCommand\EditorCommand.h">
      <Filter>Header Files</Filter>
    </ClInclude>
    <ClInclude Include="Cho\Editor\EditorManager\EditorManager.h">
      <Filter>Header Files</Filter>
    </ClInclude>
    <ClInclude Include="Cho\Engine\Engine.h">
      <Filter>Header Files</Filter>
    </ClInclude>
    <ClInclude Include="Cho\Core\Utility\FArray.h">
      <Filter>Header Files</Filter>
    </ClInclude>
    <ClInclude Include="Cho\Platform\FileSystem\FileSystem.h">
      <Filter>Header Files</Filter>
    </ClInclude>
    <ClInclude Include="Cho\Core\Utility\FVector.h">
      <Filter>Header Files</Filter>
    </ClInclude>
    <ClInclude Include="Cho\GameCore\GameCore.h">
      <Filter>Header Files</Filter>
    </ClInclude>
    <ClInclude Include="Cho\GameCore\GameObject\GameObject.h">
      <Filter>Header Files</Filter>
    </ClInclude>
    <ClInclude Include="Cho\Editor\GameView\GameView.h">
      <Filter>Header Files</Filter>
    </ClInclude>
    <ClInclude Include="Cho\SDK\DirectX\DirectX12\GpuBuffer\GpuBuffer.h">
      <Filter>Header Files</Filter>
    </ClInclude>
    <ClInclude Include="Cho\SDK\DirectX\DirectX12\GpuResource\GpuResource.h">
      <Filter>Header Files</Filter>
    </ClInclude>
    <ClInclude Include="Cho\Graphics\GraphicsCore\GraphicsCore.h">
      <Filter>Header Files</Filter>
    </ClInclude>
    <ClInclude Include="Cho\Graphics\GraphicsEngine\GraphicsEngine.h">
      <Filter>Header Files</Filter>
    </ClInclude>
    <ClInclude Include="Cho\Editor\Hierarchy\Hierarchy.h">
      <Filter>Header Files</Filter>
    </ClInclude>
    <ClInclude Include="Cho\SDK\ImGui\ImGuiManager\ImGuiManager.h">
      <Filter>Header Files</Filter>
    </ClInclude>
    <ClInclude Include="Cho\Editor\Inspector\Inspector.h">
      <Filter>Header Files</Filter>
    </ClInclude>
    <ClInclude Include="Cho\Resources\IntegrationData\IntegrationData.h">
      <Filter>Header Files</Filter>
    </ClInclude>
    <ClInclude Include="Cho\Editor\MainMenu\MainMenu.h">
      <Filter>Header Files</Filter>
    </ClInclude>
    <ClInclude Include="Cho\Editor\MaterialEditor\MaterialEditor.h">
      <Filter>Header Files</Filter>
    </ClInclude>
    <ClInclude Include="Cho\Core\MathLibrary\MathLibrary.h">
      <Filter>Header Files</Filter>
    </ClInclude>
    <ClInclude Include="Cho\Resources\ModelManager\ModelManager.h">
      <Filter>Header Files</Filter>
    </ClInclude>
    <ClInclude Include="Cho\GameCore\ObjectContainer\ObjectContainer.h">
      <Filter>Header Files</Filter>
    </ClInclude>
    <ClInclude Include="Cho\pch\pch.h">
      <Filter>Header Files</Filter>
    </ClInclude>
    <ClInclude Include="Cho\Graphics\PipelineManager\PipelineManager.h">
      <Filter>Header Files</Filter>
    </ClInclude>
    <ClInclude Include="Cho\SDK\DirectX\DirectX12\PixelBuffer\PixelBuffer.h">
      <Filter>Header Files</Filter>
    </ClInclude>
    <ClInclude Include="Cho\Platform\PlatformLayer\PlatformLayer.h">
      <Filter>Header Files</Filter>
    </ClInclude>
    <ClInclude Include="Cho\Editor\Profiler\Profiler.h">
      <Filter>Header Files</Filter>
    </ClInclude>
    <ClInclude Include="Cho\Resources\ResourceManager\ResourceManager.h">
      <Filter>Header Files</Filter>
    </ClInclude>
    <ClInclude Include="Cho\GameCore\SceneManager\SceneManager.h">
      <Filter>Header Files</Filter>
    </ClInclude>
    <ClInclude Include="Cho\Editor\SceneView\SceneView.h">
      <Filter>Header Files</Filter>
    </ClInclude>
    <ClInclude Include="Cho\Editor\Setting\Setting.h">
      <Filter>Header Files</Filter>
    </ClInclude>
    <ClInclude Include="Cho\Editor\ShaderEditor\ShaderEditor.h">
      <Filter>Header Files</Filter>
    </ClInclude>
    <ClInclude Include="Cho\SDK\DirectX\DirectX12\stdafx\stdafx.h">
      <Filter>Header Files</Filter>
    </ClInclude>
    <ClInclude Include="Cho\SDK\DirectX\DirectX12\SwapChain\SwapChain.h">
      <Filter>Header Files</Filter>
    </ClInclude>
    <ClInclude Include="Cho\GameCore\SystemManager\SystemManager.h">
      <Filter>Header Files</Filter>
    </ClInclude>
    <ClInclude Include="Cho\Resources\TextureManager\TextureManager.h">
      <Filter>Header Files</Filter>
    </ClInclude>
    <ClInclude Include="Cho\Core\ThreadManager\ThreadManager.h">
      <Filter>Header Files</Filter>
    </ClInclude>
    <ClInclude Include="Cho\Editor\Timeline\Timeline.h">
      <Filter>Header Files</Filter>
    </ClInclude>
    <ClInclude Include="Cho\Platform\Timer\Timer.h">
      <Filter>Header Files</Filter>
    </ClInclude>
    <ClInclude Include="Cho\SDK\DirectX\DirectX12\VertexBuffer\VertexBuffer.h">
      <Filter>Header Files</Filter>
    </ClInclude>
    <ClInclude Include="Cho\Graphics\VisualEffect\VFXManager.h">
      <Filter>Header Files</Filter>
    </ClInclude>
    <ClInclude Include="Cho\OS\Windows\WinApp\WinApp.h">
      <Filter>Header Files</Filter>
    </ClInclude>
    <ClInclude Include="Cho\Editor\BaseEditor\BaseEditor.h" />
    <ClInclude Include="Cho\Editor\PipelineEditor\PipelineEditor.h" />
    <ClInclude Include="Cho\Editor\PopupMenu\PopupMenu.h" />
    <ClInclude Include="Cho\Platform\InputManager\InputManager.h" />
    <ClInclude Include="Cho\Resources\AssetManager\AssetManager.h" />
    <ClInclude Include="Cho\Core\ChoLog\ChoLog.h" />
    <ClInclude Include="Cho\SDK\DirectX\DirectX12\IndexBuffer\IndexBuffer.h" />
    <ClInclude Include="Cho\GameCore\GameCoreCommand\GameCoreCommand.h" />
    <ClInclude Include="Cho\Editor\DebugCamera\DebugCamera.h" />
    <ClInclude Include="Cho\SDK\ImGui\ImGuiUtlity\ImGuiUtlity.h" />
    <ClInclude Include="Cho\Core\Utility\GenerateUnique.h" />
    <ClInclude Include="Cho\Editor\Toolbar\Toolbar.h" />
    <ClInclude Include="Cho\Hub\HubManager.h" />
    <ClInclude Include="Cho\GameCore\IScript\IScript.h" />
    <ClInclude Include="Cho\GameCore\ScriptContext\ScriptContext.h" />
    <ClInclude Include="Cho\Resources\ScriptContainer\ScriptContainer.h" />
  </ItemGroup>
  <ItemGroup>
    <None Include="Cho\Resources\Shader\header\Demo.hlsli">
      <Filter>Shader Files</Filter>
    </None>
    <None Include="Cho\Resources\Shader\header\ScreenCopy.hlsli">
      <Filter>Shader Files</Filter>
    </None>
  </ItemGroup>
  <ItemGroup>
    <FxCompile Include="Cho\Resources\Shader\Demo\Demo.VS.hlsl">
      <Filter>Shader Files</Filter>
    </FxCompile>
    <FxCompile Include="Cho\Resources\Shader\Demo\Demo.PS.hlsl">
      <Filter>Shader Files</Filter>
    </FxCompile>
    <FxCompile Include="Cho\Resources\Shader\IntegrationDraw\IntegrationDraw.PS.hlsl">
      <Filter>Shader Files</Filter>
    </FxCompile>
    <FxCompile Include="Cho\Resources\Shader\IntegrationDraw\IntegrationDraw.VS.hlsl">
      <Filter>Shader Files</Filter>
    </FxCompile>
    <FxCompile Include="Cho\Resources\Shader\ScreenCopy\ScreenCopy.PS.hlsl">
      <Filter>Shader Files</Filter>
    </FxCompile>
    <FxCompile Include="Cho\Resources\Shader\ScreenCopy\ScreenCopy.VS.hlsl">
      <Filter>Shader Files</Filter>
    </FxCompile>
  </ItemGroup>
  <ItemGroup>
    <Filter Include="Header Files">
      <UniqueIdentifier>{e805a3ee-b94b-4da7-93ae-cca42bbbca11}</UniqueIdentifier>
    </Filter>
    <Filter Include="Source Files">
      <UniqueIdentifier>{494306f2-6b9b-4cda-b1d9-27000cc2c654}</UniqueIdentifier>
    </Filter>
    <Filter Include="Shader Files">
      <UniqueIdentifier>{8d6cfb48-7a68-4a0a-ad11-286210198fd1}</UniqueIdentifier>
    </Filter>
  </ItemGroup>
</Project>