<?xml version="1.0" encoding="utf-8"?>
<Project ToolsVersion="4.0" xmlns="http://schemas.microsoft.com/developer/msbuild/2003">
  <ItemGroup>
    <FxCompile Include="Cho\Resources\Shader\PixelShader\Atmosphere.PS.hlsl" />
    <FxCompile Include="Cho\Resources\Shader\MeshShader\Basic.MS.hlsl" />
    <FxCompile Include="Cho\Resources\Shader\MeshShader\Demo.MS.hlsl" />
    <FxCompile Include="Cho\Resources\Shader\PixelShader\Demo.PS.hlsl" />
    <FxCompile Include="Cho\Resources\Shader\PixelShader\DemoOBJ.PS.hlsl" />
    <FxCompile Include="Cho\Resources\Shader\VertexShader\DemoOBJ.VS.hlsl" />
    <FxCompile Include="Cho\Resources\Shader\PixelShader\DepthBasedOutline.PS.hlsl" />
    <FxCompile Include="Cho\Resources\Shader\PixelShader\Dfe_ToonLighting.PS.hlsl" />
    <FxCompile Include="Cho\Resources\Shader\PixelShader\Effect_Sprite.PS.hlsl" />
    <FxCompile Include="Cho\Resources\Shader\VertexShader\Effect_Sprite.VS.hlsl" />
    <FxCompile Include="Cho\Resources\Shader\ComputeShader\EffectMeshGenerate.CS.hlsl" />
    <FxCompile Include="Cho\Resources\Shader\ComputeShader\EffectParticleEmit.CS.hlsl" />
    <FxCompile Include="Cho\Resources\Shader\ComputeShader\EffectParticleInit.CS.hlsl" />
    <FxCompile Include="Cho\Resources\Shader\ComputeShader\EffectParticleUpdate.CS.hlsl" />
    <FxCompile Include="Cho\Resources\Shader\ComputeShader\EmitParticle.CS.hlsl" />
    <FxCompile Include="Cho\Resources\Shader\PixelShader\FullScreen.PS.hlsl" />
    <FxCompile Include="Cho\Resources\Shader\VertexShader\FullScreen.VS.hlsl" />
    <FxCompile Include="Cho\Resources\Shader\PixelShader\GBuffer.PS.hlsl" />
    <FxCompile Include="Cho\Resources\Shader\PixelShader\GbufferMIX.PS.hlsl" />
    <FxCompile Include="Cho\Resources\Shader\ComputeShader\InitParticle.CS.hlsl" />
    <FxCompile Include="Cho\Resources\Shader\PixelShader\Line.PS.hlsl" />
    <FxCompile Include="Cho\Resources\Shader\VertexShader\Line.VS.hlsl" />
    <FxCompile Include="Cho\Resources\Shader\ComputeShader\MapChipBlocks.CS.hlsl" />
    <FxCompile Include="Cho\Resources\Shader\VertexShader\MapChipBlocks.VS.hlsl" />
    <FxCompile Include="Cho\Resources\Shader\PixelShader\Particle.PS.hlsl" />
    <FxCompile Include="Cho\Resources\Shader\VertexShader\Particle.VS.hlsl" />
    <FxCompile Include="Cho\Resources\Shader\PixelShader\ShadowMap.PS.hlsl" />
    <FxCompile Include="Cho\Resources\Shader\ComputeShader\Skinning.CS.hlsl" />
    <FxCompile Include="Cho\Resources\Shader\VertexShader\Skinning.VS.hlsl" />
    <FxCompile Include="Cho\Resources\Shader\VertexShader\Sprite.VS.hlsl" />
    <FxCompile Include="Cho\Resources\Shader\PixelShader\Sprite.PS.hlsl" />
    <FxCompile Include="Cho\Resources\Shader\ComputeShader\UpdateParticle.CS.hlsl" />
    <FxCompile Include="Cho\Resources\Shader\PixelShader\Wireframe.PS.hlsl" />
    <FxCompile Include="Cho\Resources\Shader\VertexShader\Wireframe.VS.hlsl" />
  </ItemGroup>
  <ItemGroup>
    <ClCompile Include="Game\Scripts\Effect\BaseEffect\BaseEffect.cpp" />
    <ClCompile Include="Game\Scripts\ContactMemory\ContactMemory.cpp" />
    <ClCompile Include="Game\Scripts\SceneTransition\Fade\Fade.cpp" />
    <ClCompile Include="Game\Scripts\Sprite\BaseSprite\BaseSprite.cpp" />
    <ClCompile Include="Game\Scripts\Light\BaseLight\BaseLight.cpp" />
    <ClCompile Include="Cho\System\ECS\System\BaseSystem\BaseSystem.cpp" />
    <ClCompile Include="Cho\System\ECS\System\ColliderSystem\ColliderSystem.cpp" />
    <ClCompile Include="Cho\System\Editor\EffectEditor\EffectEditor.cpp" />
    <ClCompile Include="Cho\System\ECS\System\EffectSystem\EffectSystem.cpp" />
    <ClCompile Include="Game\Scripts\Camera\BaseCamera\BaseCamera.cpp" />
    <ClCompile Include="Cho\Externals\meshoptimizer\allocator.cpp" />
    <ClCompile Include="Cho\Externals\meshoptimizer\clusterizer.cpp" />
    <ClCompile Include="Cho\Externals\meshoptimizer\indexcodec.cpp" />
    <ClCompile Include="Cho\Externals\meshoptimizer\indexgenerator.cpp" />
    <ClCompile Include="Cho\Externals\meshoptimizer\overdrawanalyzer.cpp" />
    <ClCompile Include="Cho\Externals\meshoptimizer\overdrawoptimizer.cpp" />
    <ClCompile Include="Cho\Externals\meshoptimizer\quantization.cpp" />
    <ClCompile Include="Cho\Externals\meshoptimizer\simplifier.cpp" />
    <ClCompile Include="Cho\Externals\meshoptimizer\spatialorder.cpp" />
    <ClCompile Include="Cho\Externals\meshoptimizer\stripifier.cpp" />
    <ClCompile Include="Cho\Externals\meshoptimizer\vcacheanalyzer.cpp" />
    <ClCompile Include="Cho\Externals\meshoptimizer\vcacheoptimizer.cpp" />
    <ClCompile Include="Cho\Externals\meshoptimizer\vertexcodec.cpp" />
    <ClCompile Include="Cho\Externals\meshoptimizer\vertexfilter.cpp" />
    <ClCompile Include="Cho\Externals\meshoptimizer\vfetchanalyzer.cpp" />
    <ClCompile Include="Cho\Externals\meshoptimizer\vfetchoptimizer.cpp" />
    <ClCompile Include="Game\Scripts\Objects\BaseObject\BaseObject.cpp" />
    <ClCompile Include="Cho\Utility\LogGenerator\LogGenerator.cpp" />
    <ClCompile Include="Cho\System\ECS\System\AnimationSystem\AnimationSystem.cpp" />
    <ClCompile Include="Cho\System\Audio\AudioManager.cpp" />
    <ClCompile Include="Cho\System\ECS\System\CameraSystem\CameraSystem.cpp" />
    <ClCompile Include="Cho\System\Generator\GameProject\GameProject.cpp" />
    <ClCompile Include="Cho\Main\Cho.cpp" />
    <ClCompile Include="Cho\System\D3D12\D3DCommand\D3DCommand.cpp" />
    <ClCompile Include="Cho\System\D3D12\D3DDevice\D3DDevice.cpp" />
    <ClCompile Include="Cho\System\D3D12\D3DSwapChain\D3DSwapChain.cpp" />
    <ClCompile Include="Cho\System\D3D12\DrawExecution\DrawExecution.cpp" />
    <ClCompile Include="Cho\System\D3D12\DSVManager\DSVManager.cpp" />
    <ClCompile Include="Cho\System\D3D12\DXGIFactory\DXGIFactory.cpp" />
    <ClCompile Include="Cho\System\D3D12\ResourceLeakChecker\ResourceLeakChecker.cpp" />
    <ClCompile Include="Cho\System\D3D12\ResourceViewManager\ResourceViewManager.cpp" />
    <ClCompile Include="Cho\System\D3D12\RTVManager\RTVManager.cpp" />
    <ClCompile Include="Cho\System\D3D12\ShaderCompiler\ShaderCompiler.cpp" />
    <ClCompile Include="Cho\System\ECS\ComponentManager\ComponentManager.cpp" />
    <ClCompile Include="Cho\System\ECS\EntityManager\EntityManager.cpp" />
    <ClCompile Include="Cho\System\ECS\GameObject\GameObject.cpp" />
    <ClCompile Include="Cho\System\ECS\PrefabManager\PrefabManager.cpp" />
    <ClCompile Include="Cho\System\ECS\System\PhysicsSystem\PhysicsSystem.cpp" />
    <ClCompile Include="Cho\System\ECS\System\RenderSystem\RenderSystem.cpp" />
    <ClCompile Include="Cho\System\ECS\System\SystemManager\SystemManager.cpp" />
    <ClCompile Include="Cho\System\Editor\EditorManager\EditorManager.cpp" />
    <ClCompile Include="Cho\System\Editor\FileView\FileView.cpp" />
    <ClCompile Include="Cho\System\Editor\MainMenu\MainMenu.cpp" />
    <ClCompile Include="Cho\System\FrameRate\FrameRate.cpp" />
    <ClCompile Include="Cho\System\Generator\MeshGenerator\MeshGenerator.cpp" />
    <ClCompile Include="Cho\System\Graphics\GraphicsSystem\GraphicsSystem.cpp" />
    <ClCompile Include="Cho\System\Graphics\Pipeline\Pipeline.cpp" />
    <ClCompile Include="Cho\System\Graphics\PostProcessManager\PostProcessManager.cpp" />
    <ClCompile Include="Cho\System\Load\ModelLoader\ModelLoader.cpp" />
    <ClCompile Include="Cho\System\Load\TextureLoader\TextureLoader.cpp" />
    <ClCompile Include="Cho\System\PrecompiledHeader\PrecompiledHeader.cpp" />
    <ClCompile Include="Cho\System\Scene\BaseScene\BaseScene.cpp" />
    <ClCompile Include="Cho\System\Scene\SceneFactory\SceneFactory.cpp" />
    <ClCompile Include="Cho\System\Scene\SceneManager\SceneManager.cpp" />
    <ClCompile Include="Cho\System\UI\ImGuiManager\ImGuiManager.cpp" />
    <ClCompile Include="Cho\System\WinApp\WinApp.cpp" />
    <ClCompile Include="Cho\Utility\ConvertString\ConvertString.cpp" />
    <ClCompile Include="Cho\System\Load\JsonFileLoader\JsonFileLoader.cpp" />
    <ClCompile Include="Cho\System\Editor\InfoView\InfoView.cpp" />
    <ClCompile Include="Cho\System\Scene\MainScene.cpp" />
    <ClCompile Include="Cho\System\Editor\FileController\FileController.cpp" />
    <ClCompile Include="Cho\System\Script\IScript\IScript.cpp" />
    <ClCompile Include="Cho\System\Editor\DebugCamera\DebugCamera.cpp" />
    <ClCompile Include="Cho\System\Input\InputManager.cpp" />
    <ClCompile Include="Cho\System\ECS\System\EmitterSystem\EmitterSystem.cpp" />
    <ClCompile Include="Game\Scripts\Collider\Collider.cpp" />
    <ClCompile Include="Game\Scripts\ColliderManager\ColliderManager.cpp" />
    <ClCompile Include="Cho\System\ECS\System\LightSystem\LightSystem.cpp" />
    <ClCompile Include="main.cpp" />
    <ClCompile Include="Cho\System\Editor\SceneView\SceneView.cpp" />
    <ClCompile Include="Cho\System\StartSetting\StartSetting.cpp" />
    <ClCompile Include="Cho\System\Editor\ObjectsList\ObjectsList.cpp" />
    <ClCompile Include="Cho\System\SystemState\SystemState.cpp" />
    <ClCompile Include="Cho\System\Editor\PopupMenu\PopupMenu.cpp" />
    <ClCompile Include="Cho\System\Generator\ScriptProject\ScriptProject.cpp" />
    <ClCompile Include="Cho\System\ECS\System\ScriptSystem\ScriptSystem.cpp" />
    <ClCompile Include="Cho\System\Script\ScriptManager\ScriptManager.cpp" />
    <ClCompile Include="Cho\System\ECS\System\TransformSystem\TransformSystem.cpp" />
    <ClCompile Include="Cho\System\Editor\ToolBar\ToolBar.cpp" />
    <ClCompile Include="Cho\System\SaveManager\SaveManager.cpp" />
    <ClCompile Include="Cho\System\Load\MeshLoader\MeshLoader.cpp" />
    <ClCompile Include="Cho\System\ECS\System\SpriteSystem\SpriteSystem.cpp" />
    <ClCompile Include="Cho\System\ECS\System\MaterialSystem\MaterialSystem.cpp" />
    <ClCompile Include="Cho\System\ECS\System\ParticleSystem\ParticleSystem.cpp" />
    <ClCompile Include="Game\Scenes\GameScene\GameScene.cpp" />
    <ClCompile Include="Cho\System\ThreadManager\ThreadManager.cpp" />
  </ItemGroup>
  <ItemGroup>
    <ClInclude Include="Game\Scripts\Effect\BaseEffect\BaseEffect.h" />
    <ClInclude Include="Game\Scripts\ContactMemory\ContactMemory.h" />
    <ClInclude Include="Game\Scripts\SceneTransition\Fade\Fade.h" />
    <ClInclude Include="Game\Scripts\Sprite\BaseSprite\BaseSprite.h" />
    <ClInclude Include="Cho\System\ECS\ComponentManager\Components\DirectionalLightComponent\DirectionalLightComponent.h" />
    <ClInclude Include="Cho\System\ECS\ComponentManager\Components\PointLightComponent\PointLightComponent.h" />
    <ClInclude Include="Cho\System\ECS\ComponentManager\Components\SpotLightComponent\SpotLightComponent.h" />
    <ClInclude Include="Game\Scripts\Light\BaseLight\BaseLight.h" />
    <ClInclude Include="Cho\System\ConstantData\LightData.h" />
    <ClInclude Include="Cho\System\ConstantData\EffectData.h" />
    <ClInclude Include="Cho\System\ECS\ComponentManager\Components\EffectComponent\EffectComponent.h" />
    <ClInclude Include="Cho\System\ECS\ComponentManager\Components\MapChipBlockComponent\MapChipBlockComponent.h" />
    <ClInclude Include="Cho\System\ECS\System\BaseSystem\BaseSystem.h" />
    <ClInclude Include="Cho\System\ConstantData\LineData.h" />
    <ClInclude Include="Cho\System\ECS\ComponentManager\Components\ColliderComponent\ColliderComponent.h" />
    <ClInclude Include="Cho\Utility\PSOMode.h" />
    <ClInclude Include="Cho\System\ECS\System\ColliderSystem\ColliderSystem.h" />
    <ClInclude Include="Cho\System\Editor\EffectEditor\EffectEditor.h" />
    <ClInclude Include="Cho\System\ECS\System\EffectSystem\EffectSystem.h" />
    <ClInclude Include="Cho\Utility\RandomGenerator\RandomGenerator.h" />
    <ClInclude Include="Game\Scripts\Camera\BaseCamera\BaseCamera.h" />
    <ClInclude Include="Cho\Externals\meshoptimizer\meshoptimizer.h" />
    <ClInclude Include="Cho\System\ConstantData\MeshletData.h" />
    <ClInclude Include="Cho\System\ConstantData\ResMaterialData.h" />
    <ClInclude Include="Cho\Utility\Base\Format.h" />
    <ClInclude Include="Game\Scripts\Objects\BaseObject\BaseObject.h" />
    <ClInclude Include="Cho\Utility\LogGenerator\LogGenerator.h" />
    <ClInclude Include="Cho\System\ECS\System\AnimationSystem\AnimationSystem.h" />
    <ClInclude Include="Cho\System\Audio\AudioManager.h" />
    <ClInclude Include="Cho\System\ConstantData\AnimationData.h" />
    <ClInclude Include="Cho\System\ConstantData\EmitterData.h" />
    <ClInclude Include="Cho\System\ConstantData\MaterialData.h" />
    <ClInclude Include="Cho\System\ConstantData\MeshData.h" />
    <ClInclude Include="Cho\System\ConstantData\ModelData.h" />
    <ClInclude Include="Cho\System\ConstantData\ParticleData.h" />
    <ClInclude Include="Cho\System\ConstantData\SpriteData.h" />
    <ClInclude Include="Cho\System\ConstantData\ViewProjection.h" />
    <ClInclude Include="Cho\System\ConstantData\WorldTransform.h" />
    <ClInclude Include="Cho\System\ECS\ComponentManager\Components\AnimationComponent\AnimationComponent.h" />
    <ClInclude Include="Cho\System\ECS\ComponentManager\Components\CameraComponent\CameraComponent.h" />
    <ClInclude Include="Cho\System\ECS\ComponentManager\Components\EmitterComponent\EmitterComponent.h" />
    <ClInclude Include="Cho\System\ECS\ComponentManager\Components\MaterialComponent\MaterialComponent.h" />
    <ClInclude Include="Cho\System\ECS\ComponentManager\Components\MeshComponent\MeshComponenth.h" />
    <ClInclude Include="Cho\System\ECS\ComponentManager\Components\ParticleComponent\ParticleComponent.h" />
    <ClInclude Include="Cho\System\ECS\ComponentManager\Components\PhysicsComponent\PhysicsComponent.h" />
    <ClInclude Include="Cho\System\ECS\ComponentManager\Components\RenderComponent\RenderComponent.h" />
    <ClInclude Include="Cho\System\ECS\ComponentManager\Components\SpriteComponent\SpriteComponent.h" />
    <ClInclude Include="Cho\System\ECS\ComponentManager\Components\TransformComponent\TransformComponent.h" />
    <ClInclude Include="Cho\System\Generator\GameProject\GameProject.h" />
    <ClInclude Include="Cho\System\ECS\System\CameraSystem\CameraSystem.h" />
    <ClInclude Include="Cho\System\ECS\ComponentManager\Components\Components.h" />
    <ClInclude Include="Cho\System\Scene\SceneFactory\AbstractSceneFactory.h" />
    <ClInclude Include="Cho\System\Scene\BaseScene\BaseScene.h" />
    <ClInclude Include="Cho\Main\Cho.h" />
    <ClInclude Include="Cho\System\Script\ScriptStatus.h" />
    <ClInclude Include="Cho\System\WinApp\WinApp.h" />
    <ClInclude Include="Cho\System\UI\ImGuiManager\ImGuiManager.h" />
    <ClInclude Include="Cho\System\D3D12\ResourceLeakChecker\ResourceLeakChecker.h" />
    <ClInclude Include="Cho\System\D3D12\D3DDevice\D3DDevice.h" />
    <ClInclude Include="Cho\System\D3D12\DXGIFactory\DXGIFactory.h" />
    <ClInclude Include="Cho\System\PrecompiledHeader\PrecompiledHeader.h" />
    <ClInclude Include="Cho\Utility\Base\Color.h" />
    <ClInclude Include="Cho\Utility\BlendMode.h" />
    <ClInclude Include="Cho\Utility\ConvertString\ConvertString.h" />
    <ClInclude Include="Cho\System\D3D12\D3DCommand\D3DCommand.h" />
    <ClInclude Include="Cho\System\D3D12\D3DSwapChain\D3DSwapChain.h" />
    <ClInclude Include="Cho\System\D3D12\DrawExecution\DrawExecution.h" />
    <ClInclude Include="Cho\System\D3D12\DSVManager\DSVManager.h" />
    <ClInclude Include="Cho\System\D3D12\RTVManager\RTVManager.h" />
    <ClInclude Include="Cho\System\D3D12\ResourceViewManager\ResourceViewManager.h" />
    <ClInclude Include="Cho\System\Graphics\PostProcessManager\PostProcessManager.h" />
    <ClInclude Include="Cho\System\Graphics\Pipeline\Pipeline.h" />
    <ClInclude Include="Cho\System\D3D12\ShaderCompiler\ShaderCompiler.h" />
    <ClInclude Include="Cho\System\Scene\SceneFactory\SceneFactory.h" />
    <ClInclude Include="Cho\System\Scene\SceneManager\SceneManager.h" />
    <ClInclude Include="Cho\System\Editor\MainMenu\MainMenu.h" />
    <ClInclude Include="Cho\System\Editor\EditorManager\EditorManager.h" />
    <ClInclude Include="Cho\System\Editor\FileView\FileView.h" />
    <ClInclude Include="Cho\System\FrameRate\FrameRate.h" />
    <ClInclude Include="Cho\System\Graphics\GraphicsSystem\GraphicsSystem.h" />
    <ClInclude Include="Cho\System\Generator\MeshGenerator\MeshGenerator.h" />
    <ClInclude Include="Cho\System\Load\TextureLoader\TextureLoader.h" />
    <ClInclude Include="Cho\System\Load\ModelLoader\ModelLoader.h" />
    <ClInclude Include="Cho\System\ECS\GameObject\GameObject.h" />
    <ClInclude Include="Cho\System\ECS\EntityManager\EntityManager.h" />
    <ClInclude Include="Cho\System\ECS\ComponentManager\ComponentManager.h" />
    <ClInclude Include="Cho\System\ECS\System\PhysicsSystem\PhysicsSystem.h" />
    <ClInclude Include="Cho\System\ECS\System\SystemManager\SystemManager.h" />
    <ClInclude Include="Cho\System\ECS\System\RenderSystem\RenderSystem.h" />
    <ClInclude Include="Cho\System\ECS\PrefabManager\PrefabManager.h" />
    <ClInclude Include="Cho\System\Editor\SceneView\SceneView.h" />
    <ClInclude Include="Cho\System\StartSetting\StartSetting.h" />
    <ClInclude Include="Cho\System\Load\JsonFileLoader\JsonFileLoader.h" />
    <ClInclude Include="Cho\System\Editor\InfoView\InfoView.h" />
    <ClInclude Include="Cho\System\Editor\ObjectsList\ObjectsList.h" />
    <ClInclude Include="Cho\System\SystemState\SystemState.h" />
    <ClInclude Include="Cho\System\Editor\PopupMenu\PopupMenu.h" />
    <ClInclude Include="Cho\System\ECS\ComponentManager\Components\ScriptComponent\ScriptComponent.h" />
    <ClInclude Include="Cho\System\Generator\ScriptProject\ScriptProject.h" />
    <ClInclude Include="Cho\System\Scene\MainScene.h" />
    <ClInclude Include="Cho\System\Editor\FileController\FileController.h" />
    <ClInclude Include="Cho\System\ECS\System\ScriptSystem\ScriptSystem.h" />
    <ClInclude Include="Cho\System\Script\ScriptManager\ScriptManager.h" />
    <ClInclude Include="Cho\System\Script\IScript\IScript.h" />
    <ClInclude Include="Cho\Utility\EngineSystemHeader\ChoEngine.h" />
    <ClInclude Include="Cho\System\ECS\System\TransformSystem\TransformSystem.h" />
    <ClInclude Include="Cho\Utility\MeshPattern\MeshPattern.h" />
    <ClInclude Include="Cho\Utility\ObjectType\ObjectType.h" />
    <ClInclude Include="Cho\System\Editor\ToolBar\ToolBar.h" />
    <ClInclude Include="Cho\System\SaveManager\SaveManager.h" />
    <ClInclude Include="Cho\System\Load\MeshLoader\MeshLoader.h" />
    <ClInclude Include="Cho\System\Editor\DebugCamera\DebugCamera.h" />
    <ClInclude Include="Cho\System\ECS\System\SpriteSystem\SpriteSystem.h" />
    <ClInclude Include="Cho\System\ECS\System\MaterialSystem\MaterialSystem.h" />
    <ClInclude Include="Cho\System\Input\InputManager.h" />
    <ClInclude Include="Cho\System\ECS\System\EmitterSystem\EmitterSystem.h" />
    <ClInclude Include="Cho\System\ECS\System\ParticleSystem\ParticleSystem.h" />
    <ClInclude Include="Game\Scripts\Collider\Collider.h" />
    <ClInclude Include="Game\Scripts\ColliderManager\ColliderManager.h" />
    <ClInclude Include="Cho\System\ECS\System\LightSystem\LightSystem.h" />
    <ClInclude Include="Game\Scripts\ColliderID\ColliderType.h" />
    <ClInclude Include="Game\Scenes\GameScene\GameScene.h" />
    <ClInclude Include="Cho\System\ThreadManager\ThreadManager.h" />
  </ItemGroup>
  <ItemGroup>
    <None Include="Cho\Resources\ImGuiStyle\style.json" />
    <None Include="Cho\Resources\Shader\header\Atmosphere.hlsli" />
    <None Include="Cho\Resources\Shader\header\BillboardMatrix.hlsli" />
    <None Include="Cho\Resources\Shader\header\Demo.hlsli" />
    <None Include="Cho\Resources\Shader\header\Effect.hlsli" />
    <None Include="Cho\Resources\Shader\header\FullScreen.hlsli" />
    <None Include="Cho\Resources\Shader\header\Light.hlsli" />
    <None Include="Cho\Resources\Shader\header\Material.hlsli" />
    <None Include="Cho\Resources\Shader\header\Particle.hlsli" />
    <None Include="Cho\Resources\Shader\header\Random.hlsli" />
    <None Include="Cho\Resources\Shader\header\Sprite.hlsli" />
    <None Include="Cho\Resources\Shader\header\ViewProjection.hlsli" />
  </ItemGroup>
</Project>