<?xml version="1.0" encoding="utf-8"?>
<Project ToolsVersion="4.0" xmlns="http://schemas.microsoft.com/developer/msbuild/2003">
  <ItemGroup>
  </ItemGroup>
  <ItemGroup>
    <Filter Include="Source Files">
      <UniqueIdentifier>{E2E5D8EC-87BD-45C3-8B23-4E6F9D5E8DB9}</UniqueIdentifier>
    </Filter>
    <Filter Include="Header Files">
      <UniqueIdentifier>{B6B78A4F-BEAF-40F2-927B-73A40EC5C5B4}</UniqueIdentifier>
    </Filter>
  </ItemGroup>
</Project>
